
Microsoft Visual Studio Solution File, Format Version 12.00
# Visual Studio Version 17
VisualStudioVersion = 17.9.34728.123
MinimumVisualStudioVersion = 10.0.40219.1
Project("{FAE04EC0-301F-11D3-BF4B-00C04F79EFBC}") = "zajace1", "zajace1.csproj", "{54FE52E0-3CD2-4924-B212-573BB9C9B66B}"
EndProject
Global
	GlobalSection(SolutionConfigurationPlatforms) = preSolution
		Debug|Any CPU = Debug|Any CPU
		Release|Any CPU = Release|Any CPU
	EndGlobalSection
	GlobalSection(ProjectConfigurationPlatforms) = postSolution
		{54FE52E0-3CD2-4924-B212-573BB9C9B66B}.Debug|Any CPU.ActiveCfg = Debug|Any CPU
		{54FE52E0-3CD2-4924-B212-573BB9C9B66B}.Debug|Any CPU.Build.0 = Debug|Any CPU
		{54FE52E0-3CD2-4924-B212-573BB9C9B66B}.Release|Any CPU.ActiveCfg = Release|Any CPU
		{54FE52E0-3CD2-4924-B212-573BB9C9B66B}.Release|Any CPU.Build.0 = Release|Any CPU
	EndGlobalSection
	GlobalSection(SolutionProperties) = preSolution
		HideSolutionNode = FALSE
	EndGlobalSection
	GlobalSection(ExtensibilityGlobals) = postSolution
		SolutionGuid = {445E8B47-83E3-4E4D-B02F-6C3D49E975A5}
	EndGlobalSection
EndGlobal
